PODS:
  - JSPictureViewer (0.0.9):
    - Kingfisher (>= 4.10.0)
  - Kingfisher (4.10.0)

DEPENDENCIES:
  - JSPictureViewer (from `../`)

SPEC REPOS:
  https://github.com/cocoapods/specs.git:
    - Kingfisher

EXTERNAL SOURCES:
  JSPictureViewer:
    :path: "../"

SPEC CHECKSUMS:
  JSPictureViewer: 1b25fbd9d666d5952c886b26843cf284e0db7bb4
  Kingfisher: 43c4b802d8b5256cf1f4379e9cd10b329be6d3e2

PODFILE CHECKSUM: 7325288de4cc95d2c54c3b51834e5286285da557

COCOAPODS: 1.5.3
