PODS:
  - JSPictureViewer (0.0.8):
    - Kingfisher (~> 4.8.1)
  - Kingfisher (4.8.1)

DEPENDENCIES:
  - JSPictureViewer (from `../`)

SPEC REPOS:
  https://github.com/cocoapods/specs.git:
    - Kingfisher

EXTERNAL SOURCES:
  JSPictureViewer:
    :path: "../"

SPEC CHECKSUMS:
  JSPictureViewer: 5166e096875f611bf82983ce1621445eff0a8488
  Kingfisher: 868c1149679a7ab6869be118faa9b5aed154aaf0

PODFILE CHECKSUM: 7325288de4cc95d2c54c3b51834e5286285da557

COCOAPODS: 1.5.3
